{
    "_readme": [
        "This file locks the dependencies of your project to a known state",
        "Read more about it at https://getcomposer.org/doc/01-basic-usage.md#composer-lock-the-lock-file",
        "This file is @generated automatically"
    ],
    "hash": "1407ac9c1ec4685aa07997cb7b7d5d8f",
    "content-hash": "016d346ea3afbcf77b475690453e4748",
    "packages": [
        {
            "name": "artisaninweb/laravel-soap",
            "version": "0.3.0.7",
            "source": {
                "type": "git",
                "url": "https://github.com/artisaninweb/laravel-soap.git",
                "reference": "f6e1bfbf635a1dcde51f2d183b45fd7fc6224cab"
            },
            "dist": {
                "type": "zip",
                "url": "https://api.github.com/repos/artisaninweb/laravel-soap/zipball/f6e1bfbf635a1dcde51f2d183b45fd7fc6224cab",
                "reference": "f6e1bfbf635a1dcde51f2d183b45fd7fc6224cab",
                "shasum": ""
            },
            "require": {
                "ext-soap": "*",
                "php": ">=5.4.0"
            },
            "type": "library",
            "autoload": {
                "psr-0": {
                    "Artisaninweb\\SoapWrapper": "src/"
                }
            },
            "notification-url": "https://packagist.org/downloads/",
            "license": [
                "MIT"
            ],
            "authors": [
                {
                    "name": "Michael van de Rijt",
                    "email": "me@mvdrijt.com"
                }
            ],
            "description": "A SoapClient wrapper integration for Laravel",
            "keywords": [
                "client",
                "laravel",
                "soap",
                "wrapper"
            ],
            "time": "2017-04-03 06:13:01"
        }
    ],
    "packages-dev": [],
    "aliases": [],
    "minimum-stability": "dev",
    "stability-flags": [],
    "prefer-stable": false,
    "prefer-lowest": false,
    "platform": [],
    "platform-dev": []
}
